
Microsoft Visual Studio Solution File, Format Version 12.00
# Visual Studio Version 17
VisualStudioVersion = 17.14.37301.10 d17.14
MinimumVisualStudioVersion = 10.0.40219.1
Project("{FAE04EC0-301F-11D3-BF4B-00C04F79EFBC}") = "TaskManagement", "TaskManagement.csproj", "{0D4F368E-FE84-43E0-B873-F2D1A0080594}"
EndProject
Global
	GlobalSection(SolutionConfigurationPlatforms) = preSolution
		Debug|Any CPU = Debug|Any CPU
		Release|Any CPU = Release|Any CPU
	EndGlobalSection
	GlobalSection(ProjectConfigurationPlatforms) = postSolution
		{0D4F368E-FE84-43E0-B873-F2D1A0080594}.Debug|Any CPU.ActiveCfg = Debug|Any CPU
		{0D4F368E-FE84-43E0-B873-F2D1A0080594}.Debug|Any CPU.Build.0 = Debug|Any CPU
		{0D4F368E-FE84-43E0-B873-F2D1A0080594}.Release|Any CPU.ActiveCfg = Release|Any CPU
		{0D4F368E-FE84-43E0-B873-F2D1A0080594}.Release|Any CPU.Build.0 = Release|Any CPU
	EndGlobalSection
	GlobalSection(SolutionProperties) = preSolution
		HideSolutionNode = FALSE
	EndGlobalSection
	GlobalSection(ExtensibilityGlobals) = postSolution
		SolutionGuid = {0E84D7BE-B29E-43E4-92C7-0257AC16F463}
	EndGlobalSection
EndGlobal
